
Microsoft Visual Studio Solution File, Format Version 12.00
# Visual Studio Version 16
VisualStudioVersion = 16.0.31605.320
MinimumVisualStudioVersion = 10.0.40219.1
Project("{9A19103F-16F7-4668-BE54-9A1E7A4F7556}") = "MovieAppWebApi", "MovieAppWebApi\MovieAppWebApi.csproj", "{3A606D8F-6668-490D-B084-B8EEEEAD0D66}"
EndProject
Project("{FAE04EC0-301F-11D3-BF4B-00C04F79EFBC}") = "InfraCore", "InfraCore\InfraCore.csproj", "{CAD4E4F1-50FE-4ECA-A4EB-745114C2101D}"
EndProject
Global
	GlobalSection(SolutionConfigurationPlatforms) = preSolution
		Debug|Any CPU = Debug|Any CPU
		Release|Any CPU = Release|Any CPU
	EndGlobalSection
	GlobalSection(ProjectConfigurationPlatforms) = postSolution
		{3A606D8F-6668-490D-B084-B8EEEEAD0D66}.Debug|Any CPU.ActiveCfg = Debug|Any CPU
		{3A606D8F-6668-490D-B084-B8EEEEAD0D66}.Debug|Any CPU.Build.0 = Debug|Any CPU
		{3A606D8F-6668-490D-B084-B8EEEEAD0D66}.Release|Any CPU.ActiveCfg = Release|Any CPU
		{3A606D8F-6668-490D-B084-B8EEEEAD0D66}.Release|Any CPU.Build.0 = Release|Any CPU
		{CAD4E4F1-50FE-4ECA-A4EB-745114C2101D}.Debug|Any CPU.ActiveCfg = Debug|Any CPU
		{CAD4E4F1-50FE-4ECA-A4EB-745114C2101D}.Debug|Any CPU.Build.0 = Debug|Any CPU
		{CAD4E4F1-50FE-4ECA-A4EB-745114C2101D}.Release|Any CPU.ActiveCfg = Release|Any CPU
		{CAD4E4F1-50FE-4ECA-A4EB-745114C2101D}.Release|Any CPU.Build.0 = Release|Any CPU
	EndGlobalSection
	GlobalSection(SolutionProperties) = preSolution
		HideSolutionNode = FALSE
	EndGlobalSection
	GlobalSection(ExtensibilityGlobals) = postSolution
		SolutionGuid = {876BB711-366F-48A6-94ED-E3B75C3D0A06}
	EndGlobalSection
EndGlobal
